
Microsoft Visual Studio Solution File, Format Version 12.00
# Visual Studio 14
VisualStudioVersion = 14.0.25420.1
MinimumVisualStudioVersion = 10.0.40219.1
Project("{FAE04EC0-301F-11D3-BF4B-00C04F79EFBC}") = "PETSystem", "PETSystem\PETSystem.csproj", "{7479C134-65EE-41EB-A2CC-BE4E4592FB4E}"
EndProject
Project("{2150E333-8FDC-42A3-9474-1A3956D46DE8}") = "Images", "Images", "{0E980CCA-C6D7-449A-914E-8126D323639B}"
	ProjectSection(SolutionItems) = preProject
		system1.jpg = system1.jpg
		System2.jpg = System2.jpg
		system3.jpg = system3.jpg
	EndProjectSection
EndProject
Global
	GlobalSection(SolutionConfigurationPlatforms) = preSolution
		Debug|Any CPU = Debug|Any CPU
		Release|Any CPU = Release|Any CPU
	EndGlobalSection
	GlobalSection(ProjectConfigurationPlatforms) = postSolution
		{7479C134-65EE-41EB-A2CC-BE4E4592FB4E}.Debug|Any CPU.ActiveCfg = Debug|Any CPU
		{7479C134-65EE-41EB-A2CC-BE4E4592FB4E}.Debug|Any CPU.Build.0 = Debug|Any CPU
		{7479C134-65EE-41EB-A2CC-BE4E4592FB4E}.Release|Any CPU.ActiveCfg = Release|Any CPU
		{7479C134-65EE-41EB-A2CC-BE4E4592FB4E}.Release|Any CPU.Build.0 = Release|Any CPU
	EndGlobalSection
	GlobalSection(SolutionProperties) = preSolution
		HideSolutionNode = FALSE
	EndGlobalSection
EndGlobal
